<?xml version="1.0" encoding="utf-8"?>
<Project ToolsVersion="4.0" xmlns="http://schemas.microsoft.com/developer/msbuild/2003">
  <ItemGroup>
    <Filter Include="Source Files">
      <UniqueIdentifier>{4FC737F1-C7A5-4376-A066-2A32D752A2FF}</UniqueIdentifier>
      <Extensions>cpp;c;cc;cxx;def;odl;idl;hpj;bat;asm;asmx</Extensions>
    </Filter>
    <Filter Include="Header Files">
      <UniqueIdentifier>{93995380-89BD-4b04-88EB-625FBE52EBFB}</UniqueIdentifier>
      <Extensions>h;hpp;hxx;hm;inl;inc;xsd</Extensions>
    </Filter>
    <Filter Include="Resource Files">
      <UniqueIdentifier>{67DA6AB6-F800-4c08-8B7A-83BB121AAD01}</UniqueIdentifier>
      <Extensions>rc;ico;cur;bmp;dlg;rc2;rct;bin;rgs;gif;jpg;jpeg;jpe;resx;tiff;tif;png;wav</Extensions>
    </Filter>
  </ItemGroup>
  <ItemGroup>
    <ClCompile Include="BigScreenBackground.cpp">
      <Filter>Source Files</Filter>
    </ClCompile>
    <ClCompile Include="BigScreenDisplayEngine.cpp">
      <Filter>Source Files</Filter>
    </ClCompile>
    <ClCompile Include="BigView.cpp">
      <Filter>Source Files</Filter>
    </ClCompile>
    <ClCompile Include="BigViewport.cpp">
      <Filter>Source Files</Filter>
    </ClCompile>
    <ClCompile Include="BigViewportPartition.cpp">
      <Filter>Source Files</Filter>
    </ClCompile>
    <ClCompile Include="d3dAdapterOutputEnumerator.cpp">
      <Filter>Source Files</Filter>
    </ClCompile>
    <ClCompile Include="IndependentBigScreenBackground.cpp">
      <Filter>Source Files</Filter>
    </ClCompile>
    <ClCompile Include="MergedBigScreenBackground.cpp">
      <Filter>Source Files</Filter>
    </ClCompile>
    <ClCompile Include="RenderDrawing.cpp">
      <Filter>Source Files</Filter>
    </ClCompile>
    <ClCompile Include="Screen.cpp">
      <Filter>Source Files</Filter>
    </ClCompile>
    <ClCompile Include="ScreenRender.cpp">
      <Filter>Source Files</Filter>
    </ClCompile>
    <ClCompile Include="stdafx.cpp">
      <Filter>Source Files</Filter>
    </ClCompile>
    <ClCompile Include="VideoContentProvider.cpp">
      <Filter>Source Files</Filter>
    </ClCompile>
    <ClCompile Include="WindowModel.cpp">
      <Filter>Source Files</Filter>
    </ClCompile>
    <ClCompile Include="RawFileSource.cpp">
      <Filter>Source Files</Filter>
    </ClCompile>
  </ItemGroup>
  <ItemGroup>
    <ClInclude Include="BigScreenBackground.h">
      <Filter>Header Files</Filter>
    </ClInclude>
    <ClInclude Include="BigView.h">
      <Filter>Header Files</Filter>
    </ClInclude>
    <ClInclude Include="BigViewport.h">
      <Filter>Header Files</Filter>
    </ClInclude>
    <ClInclude Include="BigViewportPartition.h">
      <Filter>Header Files</Filter>
    </ClInclude>
    <ClInclude Include="CommandShell.h">
      <Filter>Header Files</Filter>
    </ClInclude>
    <ClInclude Include="d3dAdapterOutputEnumerator.h">
      <Filter>Header Files</Filter>
    </ClInclude>
    <ClInclude Include="IndependentBigScreenBackground.h">
      <Filter>Header Files</Filter>
    </ClInclude>
    <ClInclude Include="MergedBigScreenBackground.h">
      <Filter>Header Files</Filter>
    </ClInclude>
    <ClInclude Include="Rectangle.h">
      <Filter>Header Files</Filter>
    </ClInclude>
    <ClInclude Include="RenderDrawing.h">
      <Filter>Header Files</Filter>
    </ClInclude>
    <ClInclude Include="Screen.h">
      <Filter>Header Files</Filter>
    </ClInclude>
    <ClInclude Include="ScreenRender.h">
      <Filter>Header Files</Filter>
    </ClInclude>
    <ClInclude Include="stdafx.h">
      <Filter>Header Files</Filter>
    </ClInclude>
    <ClInclude Include="targetver.h">
      <Filter>Header Files</Filter>
    </ClInclude>
    <ClInclude Include="VideoContentProvider.h">
      <Filter>Header Files</Filter>
    </ClInclude>
    <ClInclude Include="VideoTextureDataSource.h">
      <Filter>Header Files</Filter>
    </ClInclude>
    <ClInclude Include="WindowModel.h">
      <Filter>Header Files</Filter>
    </ClInclude>
    <ClInclude Include="RawFileSource.h">
      <Filter>Header Files</Filter>
    </ClInclude>
  </ItemGroup>
</Project>