<?xml version="1.0" encoding="utf-8"?>
<Project ToolsVersion="4.0" xmlns="http://schemas.microsoft.com/developer/msbuild/2003">
  <ItemGroup>
    <Filter Include="Source Files">
      <UniqueIdentifier>{4FC737F1-C7A5-4376-A066-2A32D752A2FF}</UniqueIdentifier>
      <Extensions>cpp;c;cc;cxx;def;odl;idl;hpj;bat;asm;asmx</Extensions>
    </Filter>
    <Filter Include="Header Files">
      <UniqueIdentifier>{93995380-89BD-4b04-88EB-625FBE52EBFB}</UniqueIdentifier>
      <Extensions>h;hpp;hxx;hm;inl;inc;xsd</Extensions>
    </Filter>
    <Filter Include="Resource Files">
      <UniqueIdentifier>{67DA6AB6-F800-4c08-8B7A-83BB121AAD01}</UniqueIdentifier>
      <Extensions>rc;ico;cur;bmp;dlg;rc2;rct;bin;rgs;gif;jpg;jpeg;jpe;resx;tiff;tif;png;wav</Extensions>
    </Filter>
    <Filter Include="FX">
      <UniqueIdentifier>{b16c4245-1a8f-4530-b5c8-393d4b43a78c}</UniqueIdentifier>
    </Filter>
  </ItemGroup>
  <ItemGroup>
    <ClCompile Include="AdapterOutputHelper.cpp">
      <Filter>Source Files</Filter>
    </ClCompile>
    <ClCompile Include="ARGBTexture_8.cpp">
      <Filter>Source Files</Filter>
    </ClCompile>
    <ClCompile Include="d3dAdapterOutputEnumerator.cpp">
      <Filter>Source Files</Filter>
    </ClCompile>
    <ClCompile Include="DisplayElement.cpp">
      <Filter>Source Files</Filter>
    </ClCompile>
    <ClCompile Include="dllmain.cpp">
      <Filter>Source Files</Filter>
    </ClCompile>
    <ClCompile Include="DxLogger.cpp">
      <Filter>Source Files</Filter>
    </ClCompile>
    <ClCompile Include="DxRender.cpp">
      <Filter>Source Files</Filter>
    </ClCompile>
    <ClCompile Include="DxRender_D3D11.cpp">
      <Filter>Source Files</Filter>
    </ClCompile>
    <ClCompile Include="DxRender_D3D9.cpp">
      <Filter>Source Files</Filter>
    </ClCompile>
    <ClCompile Include="DxUtility.cpp">
      <Filter>Source Files</Filter>
    </ClCompile>
    <ClCompile Include="Effects.cpp">
      <Filter>Source Files</Filter>
    </ClCompile>
    <ClCompile Include="LightHelper.cpp">
      <Filter>Source Files</Filter>
    </ClCompile>
    <ClCompile Include="stdafx.cpp">
      <Filter>Source Files</Filter>
    </ClCompile>
    <ClCompile Include="Vertex.cpp">
      <Filter>Source Files</Filter>
    </ClCompile>
    <ClCompile Include="VideoContentProvider.cpp">
      <Filter>Source Files</Filter>
    </ClCompile>
    <ClCompile Include="YUVTexture_NV12.cpp">
      <Filter>Source Files</Filter>
    </ClCompile>
    <ClCompile Include="YUVTexture_Packed.cpp">
      <Filter>Source Files</Filter>
    </ClCompile>
    <ClCompile Include="YUVTexture_Planar.cpp">
      <Filter>Source Files</Filter>
    </ClCompile>
    <ClCompile Include="src\TextureResource.cpp">
      <Filter>Source Files</Filter>
    </ClCompile>
    <ClCompile Include="src\RawFrameTextureBase.cpp">
      <Filter>Source Files</Filter>
    </ClCompile>
    <ClCompile Include="src\SharedTextureSource.cpp">
      <Filter>Source Files</Filter>
    </ClCompile>
    <ClCompile Include="rendertextureclass.cpp">
      <Filter>Source Files</Filter>
    </ClCompile>
    <ClCompile Include="InputLayout.cpp">
      <Filter>Source Files</Filter>
    </ClCompile>
    <ClCompile Include="EffectPass.cpp">
      <Filter>Source Files</Filter>
    </ClCompile>
    <ClCompile Include="src\ElemDsplModel.cpp">
      <Filter>Source Files</Filter>
    </ClCompile>
    <ClCompile Include="d3d11StateHelper.cpp">
      <Filter>Source Files</Filter>
    </ClCompile>
    <ClCompile Include="D3D11TextureRender.cpp">
      <Filter>Source Files</Filter>
    </ClCompile>
    <ClCompile Include="BackbufferRT.cpp">
      <Filter>Source Files</Filter>
    </ClCompile>
    <ClCompile Include="RectangleDataCtxInitializer.cpp">
      <Filter>Source Files</Filter>
    </ClCompile>
    <ClCompile Include="ElementMetaData.cpp">
      <Filter>Source Files</Filter>
    </ClCompile>
    <ClCompile Include="ElementDrawingContext.cpp">
      <Filter>Source Files</Filter>
    </ClCompile>
    <ClCompile Include="TextureResourceFactory.cpp">
      <Filter>Source Files</Filter>
    </ClCompile>
    <ClCompile Include="PackedYUVTextureResource.cpp">
      <Filter>Source Files</Filter>
    </ClCompile>
    <ClCompile Include="TextureFasterCopyHelper.cpp">
      <Filter>Source Files</Filter>
    </ClCompile>
  </ItemGroup>
  <ItemGroup>
    <ClInclude Include="AdapterOutputHelper.h">
      <Filter>Header Files</Filter>
    </ClInclude>
    <ClInclude Include="ARGBTexture_8.h">
      <Filter>Header Files</Filter>
    </ClInclude>
    <ClInclude Include="BackgroundDisplayComponent.h">
      <Filter>Header Files</Filter>
    </ClInclude>
    <ClInclude Include="d3dAdapterOutputEnumerator.h">
      <Filter>Header Files</Filter>
    </ClInclude>
    <ClInclude Include="DisplayElement.h">
      <Filter>Header Files</Filter>
    </ClInclude>
    <ClInclude Include="DXLogger.h">
      <Filter>Header Files</Filter>
    </ClInclude>
    <ClInclude Include="DxRender.h">
      <Filter>Header Files</Filter>
    </ClInclude>
    <ClInclude Include="DxRender_D3D11.h">
      <Filter>Header Files</Filter>
    </ClInclude>
    <ClInclude Include="DxRender_D3D9.h">
      <Filter>Header Files</Filter>
    </ClInclude>
    <ClInclude Include="DxRenderCommon.h">
      <Filter>Header Files</Filter>
    </ClInclude>
    <ClInclude Include="DxUtility.h">
      <Filter>Header Files</Filter>
    </ClInclude>
    <ClInclude Include="DxZRenderDLLDefine.h">
      <Filter>Header Files</Filter>
    </ClInclude>
    <ClInclude Include="Effects.h">
      <Filter>Header Files</Filter>
    </ClInclude>
    <ClInclude Include="IDisplayContentProvider.h">
      <Filter>Header Files</Filter>
    </ClInclude>
    <ClInclude Include="IRawFrameTexture.h">
      <Filter>Header Files</Filter>
    </ClInclude>
    <ClInclude Include="LightHelper.h">
      <Filter>Header Files</Filter>
    </ClInclude>
    <ClInclude Include="stdafx.h">
      <Filter>Header Files</Filter>
    </ClInclude>
    <ClInclude Include="targetver.h">
      <Filter>Header Files</Filter>
    </ClInclude>
    <ClInclude Include="Vertex.h">
      <Filter>Header Files</Filter>
    </ClInclude>
    <ClInclude Include="VideoContentProvider.h">
      <Filter>Header Files</Filter>
    </ClInclude>
    <ClInclude Include="YUVTexture_NV12.h">
      <Filter>Header Files</Filter>
    </ClInclude>
    <ClInclude Include="YUVTexture_Packed.h">
      <Filter>Header Files</Filter>
    </ClInclude>
    <ClInclude Include="YUVTexture_Planar.h">
      <Filter>Header Files</Filter>
    </ClInclude>
    <ClInclude Include="inc\TextureResource.h">
      <Filter>Header Files</Filter>
    </ClInclude>
    <ClInclude Include="inc\RawFrameTextureBase.h">
      <Filter>Header Files</Filter>
    </ClInclude>
    <ClInclude Include="inc\SharedTextureSource.h">
      <Filter>Header Files</Filter>
    </ClInclude>
    <ClInclude Include="rendertextureclass.h">
      <Filter>Header Files</Filter>
    </ClInclude>
    <ClInclude Include="ElemDsplModel.h">
      <Filter>Header Files</Filter>
    </ClInclude>
    <ClInclude Include="InputLayout.h">
      <Filter>Header Files</Filter>
    </ClInclude>
    <ClInclude Include="EffectPass.h">
      <Filter>Header Files</Filter>
    </ClInclude>
    <ClInclude Include="d3d11StateHelper.h">
      <Filter>Header Files</Filter>
    </ClInclude>
    <ClInclude Include="D3D11TextureRender.h">
      <Filter>Header Files</Filter>
    </ClInclude>
    <ClInclude Include="BackbufferRT.h">
      <Filter>Header Files</Filter>
    </ClInclude>
    <ClInclude Include="ConstDefine.h">
      <Filter>Header Files</Filter>
    </ClInclude>
    <ClInclude Include="DisplayElementDrawingContext.h">
      <Filter>Header Files</Filter>
    </ClInclude>
    <ClInclude Include="ElementMetaData.h">
      <Filter>Header Files</Filter>
    </ClInclude>
    <ClInclude Include="ElementDrawingContext.h">
      <Filter>Header Files</Filter>
    </ClInclude>
    <ClInclude Include="ElementDataCtxInitializer.h">
      <Filter>Header Files</Filter>
    </ClInclude>
    <ClInclude Include="RectangleDataCtxInitializer.h">
      <Filter>Header Files</Filter>
    </ClInclude>
    <ClInclude Include="TextureResourceFactory.h">
      <Filter>Header Files</Filter>
    </ClInclude>
    <ClInclude Include="PackedYUVTextureResource.h">
      <Filter>Header Files</Filter>
    </ClInclude>
    <ClInclude Include="TextureFasterCopyHelper.h">
      <Filter>Header Files</Filter>
    </ClInclude>
    <ClInclude Include="inc\ITextureResource.h">
      <Filter>Header Files</Filter>
    </ClInclude>
  </ItemGroup>
  <ItemGroup>
    <CustomBuild Include="FX\DefaultVideo.fx">
      <Filter>FX</Filter>
    </CustomBuild>
  </ItemGroup>
</Project>